// !$*UTF8*$!
{
	archiveVersion = 1;
	classes = {
	};
	objectVersion = 50;
	objects = {

/* Begin PBXBuildFile section */
		771EBD2625857F3A0093D063 /* Sudoku.swift in Sources */ = {isa = PBXBuildFile; fileRef = 771EBD2525857F3A0093D063 /* Sudoku.swift */; };
		777FA5F62569E71E009DF7A5 /* Functions.swift in Sources */ = {isa = PBXBuildFile; fileRef = 777FA5F52569E71E009DF7A5 /* Functions.swift */; };
		77EC48232569ACF2002DBAFB /* main.swift in Sources */ = {isa = PBXBuildFile; fileRef = 77EC48222569ACF2002DBAFB /* main.swift */; };
		77EC482C2569B360002DBAFB /* Formula.swift in Sources */ = {isa = PBXBuildFile; fileRef = 77EC482B2569B360002DBAFB /* Formula.swift */; };
		77EC482F2569B3CA002DBAFB /* Atom.swift in Sources */ = {isa = PBXBuildFile; fileRef = 77EC482E2569B3CA002DBAFB /* Atom.swift */; };
		77EC48322569B60C002DBAFB /* Not.swift in Sources */ = {isa = PBXBuildFile; fileRef = 77EC48312569B60C002DBAFB /* Not.swift */; };
		77EC48352569B71A002DBAFB /* And.swift in Sources */ = {isa = PBXBuildFile; fileRef = 77EC48342569B71A002DBAFB /* And.swift */; };
		77EC48382569C58F002DBAFB /* Or.swift in Sources */ = {isa = PBXBuildFile; fileRef = 77EC48372569C58F002DBAFB /* Or.swift */; };
		77EC483C2569C666002DBAFB /* Implies.swift in Sources */ = {isa = PBXBuildFile; fileRef = 77EC483B2569C666002DBAFB /* Implies.swift */; };
/* End PBXBuildFile section */

/* Begin PBXCopyFilesBuildPhase section */
		77EC481D2569ACF2002DBAFB /* CopyFiles */ = {
			isa = PBXCopyFilesBuildPhase;
			buildActionMask = 2147483647;
			dstPath = /usr/share/man/man1/;
			dstSubfolderSpec = 0;
			files = (
			);
			runOnlyForDeploymentPostprocessing = 1;
		};
/* End PBXCopyFilesBuildPhase section */

/* Begin PBXFileReference section */
		771EBD2525857F3A0093D063 /* Sudoku.swift */ = {isa = PBXFileReference; lastKnownFileType = sourcecode.swift; path = Sudoku.swift; sourceTree = "<group>"; };
		777FA5F52569E71E009DF7A5 /* Functions.swift */ = {isa = PBXFileReference; lastKnownFileType = sourcecode.swift; path = Functions.swift; sourceTree = "<group>"; };
		77EC481F2569ACF2002DBAFB /* ComputerLogicExercises */ = {isa = PBXFileReference; explicitFileType = "compiled.mach-o.executable"; includeInIndex = 0; path = ComputerLogicExercises; sourceTree = BUILT_PRODUCTS_DIR; };
		77EC48222569ACF2002DBAFB /* main.swift */ = {isa = PBXFileReference; lastKnownFileType = sourcecode.swift; path = main.swift; sourceTree = "<group>"; };
		77EC482B2569B360002DBAFB /* Formula.swift */ = {isa = PBXFileReference; lastKnownFileType = sourcecode.swift; path = Formula.swift; sourceTree = "<group>"; };
		77EC482E2569B3CA002DBAFB /* Atom.swift */ = {isa = PBXFileReference; lastKnownFileType = sourcecode.swift; path = Atom.swift; sourceTree = "<group>"; };
		77EC48312569B60C002DBAFB /* Not.swift */ = {isa = PBXFileReference; lastKnownFileType = sourcecode.swift; path = Not.swift; sourceTree = "<group>"; };
		77EC48342569B71A002DBAFB /* And.swift */ = {isa = PBXFileReference; lastKnownFileType = sourcecode.swift; path = And.swift; sourceTree = "<group>"; };
		77EC48372569C58F002DBAFB /* Or.swift */ = {isa = PBXFileReference; lastKnownFileType = sourcecode.swift; path = Or.swift; sourceTree = "<group>"; };
		77EC483B2569C666002DBAFB /* Implies.swift */ = {isa = PBXFileReference; lastKnownFileType = sourcecode.swift; path = Implies.swift; sourceTree = "<group>"; };
/* End PBXFileReference section */

/* Begin PBXFrameworksBuildPhase section */
		77EC481C2569ACF2002DBAFB /* Frameworks */ = {
			isa = PBXFrameworksBuildPhase;
			buildActionMask = 2147483647;
			files = (
			);
			runOnlyForDeploymentPostprocessing = 0;
		};
/* End PBXFrameworksBuildPhase section */

/* Begin PBXGroup section */
		77EC48162569ACF2002DBAFB = {
			isa = PBXGroup;
			children = (
				77EC48212569ACF2002DBAFB /* ComputerLogicExercises */,
				77EC48202569ACF2002DBAFB /* Products */,
			);
			sourceTree = "<group>";
		};
		77EC48202569ACF2002DBAFB /* Products */ = {
			isa = PBXGroup;
			children = (
				77EC481F2569ACF2002DBAFB /* ComputerLogicExercises */,
			);
			name = Products;
			sourceTree = "<group>";
		};
		77EC48212569ACF2002DBAFB /* ComputerLogicExercises */ = {
			isa = PBXGroup;
			children = (
				77EC48222569ACF2002DBAFB /* main.swift */,
				77EC482B2569B360002DBAFB /* Formula.swift */,
				77EC482E2569B3CA002DBAFB /* Atom.swift */,
				77EC48312569B60C002DBAFB /* Not.swift */,
				77EC483B2569C666002DBAFB /* Implies.swift */,
				77EC48342569B71A002DBAFB /* And.swift */,
				77EC48372569C58F002DBAFB /* Or.swift */,
				777FA5F52569E71E009DF7A5 /* Functions.swift */,
				771EBD2525857F3A0093D063 /* Sudoku.swift */,
			);
			path = ComputerLogicExercises;
			sourceTree = "<group>";
		};
/* End PBXGroup section */

/* Begin PBXNativeTarget section */
		77EC481E2569ACF2002DBAFB /* ComputerLogicExercises */ = {
			isa = PBXNativeTarget;
			buildConfigurationList = 77EC48262569ACF2002DBAFB /* Build configuration list for PBXNativeTarget "ComputerLogicExercises" */;
			buildPhases = (
				77EC481B2569ACF2002DBAFB /* Sources */,
				77EC481C2569ACF2002DBAFB /* Frameworks */,
				77EC481D2569ACF2002DBAFB /* CopyFiles */,
			);
			buildRules = (
			);
			dependencies = (
			);
			name = ComputerLogicExercises;
			productName = ComputerLogicExercises;
			productReference = 77EC481F2569ACF2002DBAFB /* ComputerLogicExercises */;
			productType = "com.apple.product-type.tool";
		};
/* End PBXNativeTarget section */

/* Begin PBXProject section */
		77EC48172569ACF2002DBAFB /* Project object */ = {
			isa = PBXProject;
			attributes = {
				LastSwiftUpdateCheck = 1220;
				LastUpgradeCheck = 1230;
				TargetAttributes = {
					77EC481E2569ACF2002DBAFB = {
						CreatedOnToolsVersion = 12.2;
					};
				};
			};
			buildConfigurationList = 77EC481A2569ACF2002DBAFB /* Build configuration list for PBXProject "ComputerLogicExercises" */;
			compatibilityVersion = "Xcode 9.3";
			developmentRegion = en;
			hasScannedForEncodings = 0;
			knownRegions = (
				en,
				Base,
			);
			mainGroup = 77EC48162569ACF2002DBAFB;
			productRefGroup = 77EC48202569ACF2002DBAFB /* Products */;
			projectDirPath = "";
			projectRoot = "";
			targets = (
				77EC481E2569ACF2002DBAFB /* ComputerLogicExercises */,
			);
		};
/* End PBXProject section */

/* Begin PBXSourcesBuildPhase section */
		77EC481B2569ACF2002DBAFB /* Sources */ = {
			isa = PBXSourcesBuildPhase;
			buildActionMask = 2147483647;
			files = (
				77EC482C2569B360002DBAFB /* Formula.swift in Sources */,
				77EC48322569B60C002DBAFB /* Not.swift in Sources */,
				77EC482F2569B3CA002DBAFB /* Atom.swift in Sources */,
				777FA5F62569E71E009DF7A5 /* Functions.swift in Sources */,
				77EC483C2569C666002DBAFB /* Implies.swift in Sources */,
				771EBD2625857F3A0093D063 /* Sudoku.swift in Sources */,
				77EC48352569B71A002DBAFB /* And.swift in Sources */,
				77EC48382569C58F002DBAFB /* Or.swift in Sources */,
				77EC48232569ACF2002DBAFB /* main.swift in Sources */,
			);
			runOnlyForDeploymentPostprocessing = 0;
		};
/* End PBXSourcesBuildPhase section */

/* Begin XCBuildConfiguration section */
		77EC48242569ACF2002DBAFB /* Debug */ = {
			isa = XCBuildConfiguration;
			buildSettings = {
				ALWAYS_SEARCH_USER_PATHS = NO;
				CLANG_ANALYZER_NONNULL = YES;
				CLANG_ANALYZER_NUMBER_OBJECT_CONVERSION = YES_AGGRESSIVE;
				CLANG_CXX_LANGUAGE_STANDARD = "gnu++14";
				CLANG_CXX_LIBRARY = "libc++";
				CLANG_ENABLE_MODULES = YES;
				CLANG_ENABLE_OBJC_ARC = YES;
				CLANG_ENABLE_OBJC_WEAK = YES;
				CLANG_WARN_BLOCK_CAPTURE_AUTORELEASING = YES;
				CLANG_WARN_BOOL_CONVERSION = YES;
				CLANG_WARN_COMMA = YES;
				CLANG_WARN_CONSTANT_CONVERSION = YES;
				CLANG_WARN_DEPRECATED_OBJC_IMPLEMENTATIONS = YES;
				CLANG_WARN_DIRECT_OBJC_ISA_USAGE = YES_ERROR;
				CLANG_WARN_DOCUMENTATION_COMMENTS = YES;
				CLANG_WARN_EMPTY_BODY = YES;
				CLANG_WARN_ENUM_CONVERSION = YES;
				CLANG_WARN_INFINITE_RECURSION = YES;
				CLANG_WARN_INT_CONVERSION = YES;
				CLANG_WARN_NON_LITERAL_NULL_CONVERSION = YES;
				CLANG_WARN_OBJC_IMPLICIT_RETAIN_SELF = YES;
				CLANG_WARN_OBJC_LITERAL_CONVERSION = YES;
				CLANG_WARN_OBJC_ROOT_CLASS = YES_ERROR;
				CLANG_WARN_QUOTED_INCLUDE_IN_FRAMEWORK_HEADER = YES;
				CLANG_WARN_RANGE_LOOP_ANALYSIS = YES;
				CLANG_WARN_STRICT_PROTOTYPES = YES;
				CLANG_WARN_SUSPICIOUS_MOVE = YES;
				CLANG_WARN_UNGUARDED_AVAILABILITY = YES_AGGRESSIVE;
				CLANG_WARN_UNREACHABLE_CODE = YES;
				CLANG_WARN__DUPLICATE_METHOD_MATCH = YES;
				COPY_PHASE_STRIP = NO;
				DEBUG_INFORMATION_FORMAT = dwarf;
				ENABLE_STRICT_OBJC_MSGSEND = YES;
				ENABLE_TESTABILITY = YES;
				GCC_C_LANGUAGE_STANDARD = gnu11;
				GCC_DYNAMIC_NO_PIC = NO;
				GCC_NO_COMMON_BLOCKS = YES;
				GCC_OPTIMIZATION_LEVEL = 0;
				GCC_PREPROCESSOR_DEFINITIONS = (
					"DEBUG=1",
					"$(inherited)",
				);
				GCC_WARN_64_TO_32_BIT_CONVERSION = YES;
				GCC_WARN_ABOUT_RETURN_TYPE = YES_ERROR;
				GCC_WARN_UNDECLARED_SELECTOR = YES;
				GCC_WARN_UNINITIALIZED_AUTOS = YES_AGGRESSIVE;
				GCC_WARN_UNUSED_FUNCTION = YES;
				GCC_WARN_UNUSED_VARIABLE = YES;
				MACOSX_DEPLOYMENT_TARGET = 11.0;
				MTL_ENABLE_DEBUG_INFO = INCLUDE_SOURCE;
				MTL_FAST_MATH = YES;
				ONLY_ACTIVE_ARCH = YES;
				SDKROOT = macosx;
				SWIFT_ACTIVE_COMPILATION_CONDITIONS = DEBUG;
				SWIFT_OPTIMIZATION_LEVEL = "-Onone";
			};
			name = Debug;
		};
		77EC48252569ACF2002DBAFB /* Release */ = {
			isa = XCBuildConfiguration;
			buildSettings = {
				ALWAYS_SEARCH_USER_PATHS = NO;
				CLANG_ANALYZER_NONNULL = YES;
				CLANG_ANALYZER_NUMBER_OBJECT_CONVERSION = YES_AGGRESSIVE;
				CLANG_CXX_LANGUAGE_STANDARD = "gnu++14";
				CLANG_CXX_LIBRARY = "libc++";
				CLANG_ENABLE_MODULES = YES;
				CLANG_ENABLE_OBJC_ARC = YES;
				CLANG_ENABLE_OBJC_WEAK = YES;
				CLANG_WARN_BLOCK_CAPTURE_AUTORELEASING = YES;
				CLANG_WARN_BOOL_CONVERSION = YES;
				CLANG_WARN_COMMA = YES;
				CLANG_WARN_CONSTANT_CONVERSION = YES;
				CLANG_WARN_DEPRECATED_OBJC_IMPLEMENTATIONS = YES;
				CLANG_WARN_DIRECT_OBJC_ISA_USAGE = YES_ERROR;
				CLANG_WARN_DOCUMENTATION_COMMENTS = YES;
				CLANG_WARN_EMPTY_BODY = YES;
				CLANG_WARN_ENUM_CONVERSION = YES;
				CLANG_WARN_INFINITE_RECURSION = YES;
				CLANG_WARN_INT_CONVERSION = YES;
				CLANG_WARN_NON_LITERAL_NULL_CONVERSION = YES;
				CLANG_WARN_OBJC_IMPLICIT_RETAIN_SELF = YES;
				CLANG_WARN_OBJC_LITERAL_CONVERSION = YES;
				CLANG_WARN_OBJC_ROOT_CLASS = YES_ERROR;
				CLANG_WARN_QUOTED_INCLUDE_IN_FRAMEWORK_HEADER = YES;
				CLANG_WARN_RANGE_LOOP_ANALYSIS = YES;
				CLANG_WARN_STRICT_PROTOTYPES = YES;
				CLANG_WARN_SUSPICIOUS_MOVE = YES;
				CLANG_WARN_UNGUARDED_AVAILABILITY = YES_AGGRESSIVE;
				CLANG_WARN_UNREACHABLE_CODE = YES;
				CLANG_WARN__DUPLICATE_METHOD_MATCH = YES;
				COPY_PHASE_STRIP = NO;
				DEBUG_INFORMATION_FORMAT = "dwarf-with-dsym";
				ENABLE_NS_ASSERTIONS = NO;
				ENABLE_STRICT_OBJC_MSGSEND = YES;
				GCC_C_LANGUAGE_STANDARD = gnu11;
				GCC_NO_COMMON_BLOCKS = YES;
				GCC_WARN_64_TO_32_BIT_CONVERSION = YES;
				GCC_WARN_ABOUT_RETURN_TYPE = YES_ERROR;
				GCC_WARN_UNDECLARED_SELECTOR = YES;
				GCC_WARN_UNINITIALIZED_AUTOS = YES_AGGRESSIVE;
				GCC_WARN_UNUSED_FUNCTION = YES;
				GCC_WARN_UNUSED_VARIABLE = YES;
				MACOSX_DEPLOYMENT_TARGET = 11.0;
				MTL_ENABLE_DEBUG_INFO = NO;
				MTL_FAST_MATH = YES;
				SDKROOT = macosx;
				SWIFT_COMPILATION_MODE = wholemodule;
				SWIFT_OPTIMIZATION_LEVEL = "-O";
			};
			name = Release;
		};
		77EC48272569ACF2002DBAFB /* Debug */ = {
			isa = XCBuildConfiguration;
			buildSettings = {
				CODE_SIGN_STYLE = Automatic;
				DEVELOPMENT_TEAM = 69Y77S7YQP;
				ENABLE_HARDENED_RUNTIME = YES;
				PRODUCT_NAME = "$(TARGET_NAME)";
				SWIFT_VERSION = 5.0;
			};
			name = Debug;
		};
		77EC48282569ACF2002DBAFB /* Release */ = {
			isa = XCBuildConfiguration;
			buildSettings = {
				CODE_SIGN_STYLE = Automatic;
				DEVELOPMENT_TEAM = 69Y77S7YQP;
				ENABLE_HARDENED_RUNTIME = YES;
				PRODUCT_NAME = "$(TARGET_NAME)";
				SWIFT_VERSION = 5.0;
			};
			name = Release;
		};
/* End XCBuildConfiguration section */

/* Begin XCConfigurationList section */
		77EC481A2569ACF2002DBAFB /* Build configuration list for PBXProject "ComputerLogicExercises" */ = {
			isa = XCConfigurationList;
			buildConfigurations = (
				77EC48242569ACF2002DBAFB /* Debug */,
				77EC48252569ACF2002DBAFB /* Release */,
			);
			defaultConfigurationIsVisible = 0;
			defaultConfigurationName = Release;
		};
		77EC48262569ACF2002DBAFB /* Build configuration list for PBXNativeTarget "ComputerLogicExercises" */ = {
			isa = XCConfigurationList;
			buildConfigurations = (
				77EC48272569ACF2002DBAFB /* Debug */,
				77EC48282569ACF2002DBAFB /* Release */,
			);
			defaultConfigurationIsVisible = 0;
			defaultConfigurationName = Release;
		};
/* End XCConfigurationList section */
	};
	rootObject = 77EC48172569ACF2002DBAFB /* Project object */;
}
